
Microsoft Visual Studio Solution File, Format Version 12.00
# Visual Studio Version 17
VisualStudioVersion = 17.14.36623.8 d17.14
MinimumVisualStudioVersion = 10.0.40219.1
Project("{8BC9CEB8-8B4A-11D0-8D11-00A0C91BC942}") = "Ch2Task1", "Ch2Task1.vcxproj", "{970F5955-EB6C-47D6-91AA-7C5B615446CF}"
EndProject
Global
	GlobalSection(SolutionConfigurationPlatforms) = preSolution
		Debug|x64 = Debug|x64
		Debug|x86 = Debug|x86
		Release|x64 = Release|x64
		Release|x86 = Release|x86
	EndGlobalSection
	GlobalSection(ProjectConfigurationPlatforms) = postSolution
		{970F5955-EB6C-47D6-91AA-7C5B615446CF}.Debug|x64.ActiveCfg = Debug|x64
		{970F5955-EB6C-47D6-91AA-7C5B615446CF}.Debug|x64.Build.0 = Debug|x64
		{970F5955-EB6C-47D6-91AA-7C5B615446CF}.Debug|x86.ActiveCfg = Debug|Win32
		{970F5955-EB6C-47D6-91AA-7C5B615446CF}.Debug|x86.Build.0 = Debug|Win32
		{970F5955-EB6C-47D6-91AA-7C5B615446CF}.Release|x64.ActiveCfg = Release|x64
		{970F5955-EB6C-47D6-91AA-7C5B615446CF}.Release|x64.Build.0 = Release|x64
		{970F5955-EB6C-47D6-91AA-7C5B615446CF}.Release|x86.ActiveCfg = Release|Win32
		{970F5955-EB6C-47D6-91AA-7C5B615446CF}.Release|x86.Build.0 = Release|Win32
	EndGlobalSection
	GlobalSection(SolutionProperties) = preSolution
		HideSolutionNode = FALSE
	EndGlobalSection
	GlobalSection(ExtensibilityGlobals) = postSolution
		SolutionGuid = {8A8F0229-F5A8-4A9C-8B02-4803DD68AC9E}
	EndGlobalSection
EndGlobal
